// !$*UTF8*$!
{
	archiveVersion = 1;
	classes = {
	};
	objectVersion = 46;
	objects = {

/* Begin PBXBuildFile section */
		D46685DC1B58567A0036C479 /* FeedKit.h in Headers */ = {isa = PBXBuildFile; fileRef = D46685DB1B58567A0036C479 /* FeedKit.h */; settings = {ATTRIBUTES = (Public, ); }; };
		D46685E21B58567A0036C479 /* FeedKit.framework in Frameworks */ = {isa = PBXBuildFile; fileRef = D46685D61B58567A0036C479 /* FeedKit.framework */; };
		D46685E91B58567A0036C479 /* FeedControllerTests.swift in Sources */ = {isa = PBXBuildFile; fileRef = D46685E81B58567A0036C479 /* FeedControllerTests.swift */; };
		D46685F31B5856D60036C479 /* FeedKit.swift in Sources */ = {isa = PBXBuildFile; fileRef = D46685F21B5856D60036C479 /* FeedKit.swift */; };
		D4A1FBE81B596A0F006B4C6B /* Cache.swift in Sources */ = {isa = PBXBuildFile; fileRef = D4A1FBE71B596A0F006B4C6B /* Cache.swift */; };
		D4F87A571B5EAED7006594E7 /* CacheTests.swift in Sources */ = {isa = PBXBuildFile; fileRef = D4F87A561B5EAED7006594E7 /* CacheTests.swift */; };
		D4F87A591B5EB2DA006594E7 /* MockClasses.swift in Sources */ = {isa = PBXBuildFile; fileRef = D4F87A581B5EB2DA006594E7 /* MockClasses.swift */; };
/* End PBXBuildFile section */

/* Begin PBXContainerItemProxy section */
		D46685E31B58567A0036C479 /* PBXContainerItemProxy */ = {
			isa = PBXContainerItemProxy;
			containerPortal = D46685CD1B58567A0036C479 /* Project object */;
			proxyType = 1;
			remoteGlobalIDString = D46685D51B58567A0036C479;
			remoteInfo = FeedKit;
		};
/* End PBXContainerItemProxy section */

/* Begin PBXFileReference section */
		D46685D61B58567A0036C479 /* FeedKit.framework */ = {isa = PBXFileReference; explicitFileType = wrapper.framework; includeInIndex = 0; path = FeedKit.framework; sourceTree = BUILT_PRODUCTS_DIR; };
		D46685DA1B58567A0036C479 /* Info.plist */ = {isa = PBXFileReference; lastKnownFileType = text.plist.xml; path = Info.plist; sourceTree = "<group>"; };
		D46685DB1B58567A0036C479 /* FeedKit.h */ = {isa = PBXFileReference; lastKnownFileType = sourcecode.c.h; path = FeedKit.h; sourceTree = "<group>"; };
		D46685E11B58567A0036C479 /* FeedKitTests.xctest */ = {isa = PBXFileReference; explicitFileType = wrapper.cfbundle; includeInIndex = 0; path = FeedKitTests.xctest; sourceTree = BUILT_PRODUCTS_DIR; };
		D46685E71B58567A0036C479 /* Info.plist */ = {isa = PBXFileReference; lastKnownFileType = text.plist.xml; path = Info.plist; sourceTree = "<group>"; };
		D46685E81B58567A0036C479 /* FeedControllerTests.swift */ = {isa = PBXFileReference; lastKnownFileType = sourcecode.swift; path = FeedControllerTests.swift; sourceTree = "<group>"; };
		D46685F21B5856D60036C479 /* FeedKit.swift */ = {isa = PBXFileReference; fileEncoding = 4; lastKnownFileType = sourcecode.swift; path = FeedKit.swift; sourceTree = "<group>"; };
		D4A1FBE71B596A0F006B4C6B /* Cache.swift */ = {isa = PBXFileReference; fileEncoding = 4; lastKnownFileType = sourcecode.swift; path = Cache.swift; sourceTree = "<group>"; };
		D4F87A561B5EAED7006594E7 /* CacheTests.swift */ = {isa = PBXFileReference; fileEncoding = 4; lastKnownFileType = sourcecode.swift; path = CacheTests.swift; sourceTree = "<group>"; };
		D4F87A581B5EB2DA006594E7 /* MockClasses.swift */ = {isa = PBXFileReference; fileEncoding = 4; lastKnownFileType = sourcecode.swift; path = MockClasses.swift; sourceTree = "<group>"; };
/* End PBXFileReference section */

/* Begin PBXFrameworksBuildPhase section */
		D46685D21B58567A0036C479 /* Frameworks */ = {
			isa = PBXFrameworksBuildPhase;
			buildActionMask = 2147483647;
			files = (
			);
			runOnlyForDeploymentPostprocessing = 0;
		};
		D46685DE1B58567A0036C479 /* Frameworks */ = {
			isa = PBXFrameworksBuildPhase;
			buildActionMask = 2147483647;
			files = (
				D46685E21B58567A0036C479 /* FeedKit.framework in Frameworks */,
			);
			runOnlyForDeploymentPostprocessing = 0;
		};
/* End PBXFrameworksBuildPhase section */

/* Begin PBXGroup section */
		D46685CC1B58567A0036C479 = {
			isa = PBXGroup;
			children = (
				D46685D81B58567A0036C479 /* Source */,
				D46685E51B58567A0036C479 /* FeedKitTests */,
				D46685D71B58567A0036C479 /* Products */,
			);
			sourceTree = "<group>";
		};
		D46685D71B58567A0036C479 /* Products */ = {
			isa = PBXGroup;
			children = (
				D46685D61B58567A0036C479 /* FeedKit.framework */,
				D46685E11B58567A0036C479 /* FeedKitTests.xctest */,
			);
			name = Products;
			sourceTree = "<group>";
		};
		D46685D81B58567A0036C479 /* Source */ = {
			isa = PBXGroup;
			children = (
				D46685DB1B58567A0036C479 /* FeedKit.h */,
				D46685F21B5856D60036C479 /* FeedKit.swift */,
				D4A1FBE71B596A0F006B4C6B /* Cache.swift */,
				D46685D91B58567A0036C479 /* Supporting Files */,
			);
			path = Source;
			sourceTree = "<group>";
		};
		D46685D91B58567A0036C479 /* Supporting Files */ = {
			isa = PBXGroup;
			children = (
				D46685DA1B58567A0036C479 /* Info.plist */,
			);
			name = "Supporting Files";
			sourceTree = "<group>";
		};
		D46685E51B58567A0036C479 /* FeedKitTests */ = {
			isa = PBXGroup;
			children = (
				D46685E81B58567A0036C479 /* FeedControllerTests.swift */,
				D4F87A561B5EAED7006594E7 /* CacheTests.swift */,
				D4F87A581B5EB2DA006594E7 /* MockClasses.swift */,
				D46685E61B58567A0036C479 /* Supporting Files */,
			);
			path = FeedKitTests;
			sourceTree = "<group>";
		};
		D46685E61B58567A0036C479 /* Supporting Files */ = {
			isa = PBXGroup;
			children = (
				D46685E71B58567A0036C479 /* Info.plist */,
			);
			name = "Supporting Files";
			sourceTree = "<group>";
		};
/* End PBXGroup section */

/* Begin PBXHeadersBuildPhase section */
		D46685D31B58567A0036C479 /* Headers */ = {
			isa = PBXHeadersBuildPhase;
			buildActionMask = 2147483647;
			files = (
				D46685DC1B58567A0036C479 /* FeedKit.h in Headers */,
			);
			runOnlyForDeploymentPostprocessing = 0;
		};
/* End PBXHeadersBuildPhase section */

/* Begin PBXNativeTarget section */
		D46685D51B58567A0036C479 /* FeedKit */ = {
			isa = PBXNativeTarget;
			buildConfigurationList = D46685EC1B58567A0036C479 /* Build configuration list for PBXNativeTarget "FeedKit" */;
			buildPhases = (
				D46685D11B58567A0036C479 /* Sources */,
				D46685D21B58567A0036C479 /* Frameworks */,
				D46685D31B58567A0036C479 /* Headers */,
				D46685D41B58567A0036C479 /* Resources */,
			);
			buildRules = (
			);
			dependencies = (
			);
			name = FeedKit;
			productName = FeedKit;
			productReference = D46685D61B58567A0036C479 /* FeedKit.framework */;
			productType = "com.apple.product-type.framework";
		};
		D46685E01B58567A0036C479 /* FeedKitTests */ = {
			isa = PBXNativeTarget;
			buildConfigurationList = D46685EF1B58567A0036C479 /* Build configuration list for PBXNativeTarget "FeedKitTests" */;
			buildPhases = (
				D46685DD1B58567A0036C479 /* Sources */,
				D46685DE1B58567A0036C479 /* Frameworks */,
				D46685DF1B58567A0036C479 /* Resources */,
			);
			buildRules = (
			);
			dependencies = (
				D46685E41B58567A0036C479 /* PBXTargetDependency */,
			);
			name = FeedKitTests;
			productName = FeedKitTests;
			productReference = D46685E11B58567A0036C479 /* FeedKitTests.xctest */;
			productType = "com.apple.product-type.bundle.unit-test";
		};
/* End PBXNativeTarget section */

/* Begin PBXProject section */
		D46685CD1B58567A0036C479 /* Project object */ = {
			isa = PBXProject;
			attributes = {
				LastSwiftUpdateCheck = 0700;
				LastUpgradeCheck = 0700;
				ORGANIZATIONNAME = "Rob Seward";
				TargetAttributes = {
					D46685D51B58567A0036C479 = {
						CreatedOnToolsVersion = 6.4;
					};
					D46685E01B58567A0036C479 = {
						CreatedOnToolsVersion = 6.4;
					};
				};
			};
			buildConfigurationList = D46685D01B58567A0036C479 /* Build configuration list for PBXProject "FeedKit" */;
			compatibilityVersion = "Xcode 3.2";
			developmentRegion = English;
			hasScannedForEncodings = 0;
			knownRegions = (
				en,
			);
			mainGroup = D46685CC1B58567A0036C479;
			productRefGroup = D46685D71B58567A0036C479 /* Products */;
			projectDirPath = "";
			projectRoot = "";
			targets = (
				D46685D51B58567A0036C479 /* FeedKit */,
				D46685E01B58567A0036C479 /* FeedKitTests */,
			);
		};
/* End PBXProject section */

/* Begin PBXResourcesBuildPhase section */
		D46685D41B58567A0036C479 /* Resources */ = {
			isa = PBXResourcesBuildPhase;
			buildActionMask = 2147483647;
			files = (
			);
			runOnlyForDeploymentPostprocessing = 0;
		};
		D46685DF1B58567A0036C479 /* Resources */ = {
			isa = PBXResourcesBuildPhase;
			buildActionMask = 2147483647;
			files = (
			);
			runOnlyForDeploymentPostprocessing = 0;
		};
/* End PBXResourcesBuildPhase section */

/* Begin PBXSourcesBuildPhase section */
		D46685D11B58567A0036C479 /* Sources */ = {
			isa = PBXSourcesBuildPhase;
			buildActionMask = 2147483647;
			files = (
				D4A1FBE81B596A0F006B4C6B /* Cache.swift in Sources */,
				D46685F31B5856D60036C479 /* FeedKit.swift in Sources */,
			);
			runOnlyForDeploymentPostprocessing = 0;
		};
		D46685DD1B58567A0036C479 /* Sources */ = {
			isa = PBXSourcesBuildPhase;
			buildActionMask = 2147483647;
			files = (
				D4F87A571B5EAED7006594E7 /* CacheTests.swift in Sources */,
				D4F87A591B5EB2DA006594E7 /* MockClasses.swift in Sources */,
				D46685E91B58567A0036C479 /* FeedControllerTests.swift in Sources */,
			);
			runOnlyForDeploymentPostprocessing = 0;
		};
/* End PBXSourcesBuildPhase section */

/* Begin PBXTargetDependency section */
		D46685E41B58567A0036C479 /* PBXTargetDependency */ = {
			isa = PBXTargetDependency;
			target = D46685D51B58567A0036C479 /* FeedKit */;
			targetProxy = D46685E31B58567A0036C479 /* PBXContainerItemProxy */;
		};
/* End PBXTargetDependency section */

/* Begin XCBuildConfiguration section */
		D46685EA1B58567A0036C479 /* Debug */ = {
			isa = XCBuildConfiguration;
			buildSettings = {
				ALWAYS_SEARCH_USER_PATHS = NO;
				CLANG_CXX_LANGUAGE_STANDARD = "gnu++0x";
				CLANG_CXX_LIBRARY = "libc++";
				CLANG_ENABLE_MODULES = YES;
				CLANG_ENABLE_OBJC_ARC = YES;
				CLANG_WARN_BOOL_CONVERSION = YES;
				CLANG_WARN_CONSTANT_CONVERSION = YES;
				CLANG_WARN_DIRECT_OBJC_ISA_USAGE = YES_ERROR;
				CLANG_WARN_EMPTY_BODY = YES;
				CLANG_WARN_ENUM_CONVERSION = YES;
				CLANG_WARN_INT_CONVERSION = YES;
				CLANG_WARN_OBJC_ROOT_CLASS = YES_ERROR;
				CLANG_WARN_UNREACHABLE_CODE = YES;
				CLANG_WARN__DUPLICATE_METHOD_MATCH = YES;
				"CODE_SIGN_IDENTITY[sdk=iphoneos*]" = "iPhone Developer";
				COPY_PHASE_STRIP = NO;
				CURRENT_PROJECT_VERSION = 1;
				DEBUG_INFORMATION_FORMAT = "dwarf-with-dsym";
				ENABLE_STRICT_OBJC_MSGSEND = YES;
				ENABLE_TESTABILITY = YES;
				GCC_C_LANGUAGE_STANDARD = gnu99;
				GCC_DYNAMIC_NO_PIC = NO;
				GCC_NO_COMMON_BLOCKS = YES;
				GCC_OPTIMIZATION_LEVEL = 0;
				GCC_PREPROCESSOR_DEFINITIONS = (
					"DEBUG=1",
					"$(inherited)",
				);
				GCC_SYMBOLS_PRIVATE_EXTERN = NO;
				GCC_WARN_64_TO_32_BIT_CONVERSION = YES;
				GCC_WARN_ABOUT_RETURN_TYPE = YES_ERROR;
				GCC_WARN_UNDECLARED_SELECTOR = YES;
				GCC_WARN_UNINITIALIZED_AUTOS = YES_AGGRESSIVE;
				GCC_WARN_UNUSED_FUNCTION = YES;
				GCC_WARN_UNUSED_VARIABLE = YES;
				IPHONEOS_DEPLOYMENT_TARGET = 7.1;
				MTL_ENABLE_DEBUG_INFO = YES;
				ONLY_ACTIVE_ARCH = YES;
				SDKROOT = iphoneos;
				SWIFT_OPTIMIZATION_LEVEL = "-Onone";
				TARGETED_DEVICE_FAMILY = "1,2";
				VERSIONING_SYSTEM = "apple-generic";
				VERSION_INFO_PREFIX = "";
			};
			name = Debug;
		};
		D46685EB1B58567A0036C479 /* Release */ = {
			isa = XCBuildConfiguration;
			buildSettings = {
				ALWAYS_SEARCH_USER_PATHS = NO;
				CLANG_CXX_LANGUAGE_STANDARD = "gnu++0x";
				CLANG_CXX_LIBRARY = "libc++";
				CLANG_ENABLE_MODULES = YES;
				CLANG_ENABLE_OBJC_ARC = YES;
				CLANG_WARN_BOOL_CONVERSION = YES;
				CLANG_WARN_CONSTANT_CONVERSION = YES;
				CLANG_WARN_DIRECT_OBJC_ISA_USAGE = YES_ERROR;
				CLANG_WARN_EMPTY_BODY = YES;
				CLANG_WARN_ENUM_CONVERSION = YES;
				CLANG_WARN_INT_CONVERSION = YES;
				CLANG_WARN_OBJC_ROOT_CLASS = YES_ERROR;
				CLANG_WARN_UNREACHABLE_CODE = YES;
				CLANG_WARN__DUPLICATE_METHOD_MATCH = YES;
				"CODE_SIGN_IDENTITY[sdk=iphoneos*]" = "iPhone Developer";
				COPY_PHASE_STRIP = NO;
				CURRENT_PROJECT_VERSION = 1;
				DEBUG_INFORMATION_FORMAT = "dwarf-with-dsym";
				ENABLE_NS_ASSERTIONS = NO;
				ENABLE_STRICT_OBJC_MSGSEND = YES;
				GCC_C_LANGUAGE_STANDARD = gnu99;
				GCC_NO_COMMON_BLOCKS = YES;
				GCC_WARN_64_TO_32_BIT_CONVERSION = YES;
				GCC_WARN_ABOUT_RETURN_TYPE = YES_ERROR;
				GCC_WARN_UNDECLARED_SELECTOR = YES;
				GCC_WARN_UNINITIALIZED_AUTOS = YES_AGGRESSIVE;
				GCC_WARN_UNUSED_FUNCTION = YES;
				GCC_WARN_UNUSED_VARIABLE = YES;
				IPHONEOS_DEPLOYMENT_TARGET = 7.1;
				MTL_ENABLE_DEBUG_INFO = NO;
				SDKROOT = iphoneos;
				TARGETED_DEVICE_FAMILY = "1,2";
				VALIDATE_PRODUCT = YES;
				VERSIONING_SYSTEM = "apple-generic";
				VERSION_INFO_PREFIX = "";
			};
			name = Release;
		};
		D46685ED1B58567A0036C479 /* Debug */ = {
			isa = XCBuildConfiguration;
			buildSettings = {
				CLANG_ENABLE_MODULES = YES;
				DEFINES_MODULE = YES;
				DYLIB_COMPATIBILITY_VERSION = 1;
				DYLIB_CURRENT_VERSION = 1;
				DYLIB_INSTALL_NAME_BASE = "@rpath";
				INFOPLIST_FILE = Source/Info.plist;
				INSTALL_PATH = "$(LOCAL_LIBRARY_DIR)/Frameworks";
				IPHONEOS_DEPLOYMENT_TARGET = 7.1;
				LD_RUNPATH_SEARCH_PATHS = "$(inherited) @executable_path/Frameworks @loader_path/Frameworks";
				PRODUCT_BUNDLE_IDENTIFIER = "com.electricobjects.$(PRODUCT_NAME:rfc1034identifier)";
				PRODUCT_NAME = "$(TARGET_NAME)";
				SKIP_INSTALL = YES;
				SWIFT_OPTIMIZATION_LEVEL = "-Onone";
			};
			name = Debug;
		};
		D46685EE1B58567A0036C479 /* Release */ = {
			isa = XCBuildConfiguration;
			buildSettings = {
				CLANG_ENABLE_MODULES = YES;
				DEFINES_MODULE = YES;
				DYLIB_COMPATIBILITY_VERSION = 1;
				DYLIB_CURRENT_VERSION = 1;
				DYLIB_INSTALL_NAME_BASE = "@rpath";
				INFOPLIST_FILE = Source/Info.plist;
				INSTALL_PATH = "$(LOCAL_LIBRARY_DIR)/Frameworks";
				IPHONEOS_DEPLOYMENT_TARGET = 7.1;
				LD_RUNPATH_SEARCH_PATHS = "$(inherited) @executable_path/Frameworks @loader_path/Frameworks";
				PRODUCT_BUNDLE_IDENTIFIER = "com.electricobjects.$(PRODUCT_NAME:rfc1034identifier)";
				PRODUCT_NAME = "$(TARGET_NAME)";
				SKIP_INSTALL = YES;
			};
			name = Release;
		};
		D46685F01B58567A0036C479 /* Debug */ = {
			isa = XCBuildConfiguration;
			buildSettings = {
				FRAMEWORK_SEARCH_PATHS = (
					"$(SDKROOT)/Developer/Library/Frameworks",
					"$(inherited)",
				);
				GCC_PREPROCESSOR_DEFINITIONS = (
					"DEBUG=1",
					"$(inherited)",
				);
				INFOPLIST_FILE = FeedKitTests/Info.plist;
				LD_RUNPATH_SEARCH_PATHS = "$(inherited) @executable_path/Frameworks @loader_path/Frameworks";
				PRODUCT_BUNDLE_IDENTIFIER = "com.electricobjects.$(PRODUCT_NAME:rfc1034identifier)";
				PRODUCT_NAME = "$(TARGET_NAME)";
			};
			name = Debug;
		};
		D46685F11B58567A0036C479 /* Release */ = {
			isa = XCBuildConfiguration;
			buildSettings = {
				FRAMEWORK_SEARCH_PATHS = (
					"$(SDKROOT)/Developer/Library/Frameworks",
					"$(inherited)",
				);
				INFOPLIST_FILE = FeedKitTests/Info.plist;
				LD_RUNPATH_SEARCH_PATHS = "$(inherited) @executable_path/Frameworks @loader_path/Frameworks";
				PRODUCT_BUNDLE_IDENTIFIER = "com.electricobjects.$(PRODUCT_NAME:rfc1034identifier)";
				PRODUCT_NAME = "$(TARGET_NAME)";
			};
			name = Release;
		};
/* End XCBuildConfiguration section */

/* Begin XCConfigurationList section */
		D46685D01B58567A0036C479 /* Build configuration list for PBXProject "FeedKit" */ = {
			isa = XCConfigurationList;
			buildConfigurations = (
				D46685EA1B58567A0036C479 /* Debug */,
				D46685EB1B58567A0036C479 /* Release */,
			);
			defaultConfigurationIsVisible = 0;
			defaultConfigurationName = Release;
		};
		D46685EC1B58567A0036C479 /* Build configuration list for PBXNativeTarget "FeedKit" */ = {
			isa = XCConfigurationList;
			buildConfigurations = (
				D46685ED1B58567A0036C479 /* Debug */,
				D46685EE1B58567A0036C479 /* Release */,
			);
			defaultConfigurationIsVisible = 0;
			defaultConfigurationName = Release;
		};
		D46685EF1B58567A0036C479 /* Build configuration list for PBXNativeTarget "FeedKitTests" */ = {
			isa = XCConfigurationList;
			buildConfigurations = (
				D46685F01B58567A0036C479 /* Debug */,
				D46685F11B58567A0036C479 /* Release */,
			);
			defaultConfigurationIsVisible = 0;
			defaultConfigurationName = Release;
		};
/* End XCConfigurationList section */
	};
	rootObject = D46685CD1B58567A0036C479 /* Project object */;
}
